
Microsoft Visual Studio Solution File, Format Version 12.00
# Visual Studio Version 17
VisualStudioVersion = 17.7.34302.85
MinimumVisualStudioVersion = 10.0.40219.1
Project("{9A19103F-16F7-4668-BE54-9A1E7A4F7556}") = "Assignment2PRN221_BlogPost", "Assignment2PRN221_BlogPost\Assignment2PRN221_BlogPost.csproj", "{04F0A430-E36D-4DC8-BD2D-817949057165}"
EndProject
Project("{9A19103F-16F7-4668-BE54-9A1E7A4F7556}") = "BlogPostBO", "BlogPostBO\BlogPostBO.csproj", "{656C0DC7-BCEE-4BDB-9714-2DA0A9125C74}"
EndProject
Project("{9A19103F-16F7-4668-BE54-9A1E7A4F7556}") = "BlogPostRepository", "BlogPostRepository\BlogPostRepository.csproj", "{577D283C-B266-4F5C-B08E-A62685D0E022}"
EndProject
Project("{9A19103F-16F7-4668-BE54-9A1E7A4F7556}") = "BlogPostDAO", "BlogPostDAO\BlogPostDAO.csproj", "{FA9F30C4-E336-4B15-87BA-80489F652A9B}"
EndProject
Project("{9A19103F-16F7-4668-BE54-9A1E7A4F7556}") = "BlogPostService", "BlogPostService\BlogPostService.csproj", "{0507C53F-3B4B-47CD-8E81-E9B4C822641D}"
EndProject
Global
	GlobalSection(SolutionConfigurationPlatforms) = preSolution
		Debug|Any CPU = Debug|Any CPU
		Release|Any CPU = Release|Any CPU
	EndGlobalSection
	GlobalSection(ProjectConfigurationPlatforms) = postSolution
		{04F0A430-E36D-4DC8-BD2D-817949057165}.Debug|Any CPU.ActiveCfg = Debug|Any CPU
		{04F0A430-E36D-4DC8-BD2D-817949057165}.Debug|Any CPU.Build.0 = Debug|Any CPU
		{04F0A430-E36D-4DC8-BD2D-817949057165}.Release|Any CPU.ActiveCfg = Release|Any CPU
		{04F0A430-E36D-4DC8-BD2D-817949057165}.Release|Any CPU.Build.0 = Release|Any CPU
		{656C0DC7-BCEE-4BDB-9714-2DA0A9125C74}.Debug|Any CPU.ActiveCfg = Debug|Any CPU
		{656C0DC7-BCEE-4BDB-9714-2DA0A9125C74}.Debug|Any CPU.Build.0 = Debug|Any CPU
		{656C0DC7-BCEE-4BDB-9714-2DA0A9125C74}.Release|Any CPU.ActiveCfg = Release|Any CPU
		{656C0DC7-BCEE-4BDB-9714-2DA0A9125C74}.Release|Any CPU.Build.0 = Release|Any CPU
		{577D283C-B266-4F5C-B08E-A62685D0E022}.Debug|Any CPU.ActiveCfg = Debug|Any CPU
		{577D283C-B266-4F5C-B08E-A62685D0E022}.Debug|Any CPU.Build.0 = Debug|Any CPU
		{577D283C-B266-4F5C-B08E-A62685D0E022}.Release|Any CPU.ActiveCfg = Release|Any CPU
		{577D283C-B266-4F5C-B08E-A62685D0E022}.Release|Any CPU.Build.0 = Release|Any CPU
		{FA9F30C4-E336-4B15-87BA-80489F652A9B}.Debug|Any CPU.ActiveCfg = Debug|Any CPU
		{FA9F30C4-E336-4B15-87BA-80489F652A9B}.Debug|Any CPU.Build.0 = Debug|Any CPU
		{FA9F30C4-E336-4B15-87BA-80489F652A9B}.Release|Any CPU.ActiveCfg = Release|Any CPU
		{FA9F30C4-E336-4B15-87BA-80489F652A9B}.Release|Any CPU.Build.0 = Release|Any CPU
		{0507C53F-3B4B-47CD-8E81-E9B4C822641D}.Debug|Any CPU.ActiveCfg = Debug|Any CPU
		{0507C53F-3B4B-47CD-8E81-E9B4C822641D}.Debug|Any CPU.Build.0 = Debug|Any CPU
		{0507C53F-3B4B-47CD-8E81-E9B4C822641D}.Release|Any CPU.ActiveCfg = Release|Any CPU
		{0507C53F-3B4B-47CD-8E81-E9B4C822641D}.Release|Any CPU.Build.0 = Release|Any CPU
	EndGlobalSection
	GlobalSection(SolutionProperties) = preSolution
		HideSolutionNode = FALSE
	EndGlobalSection
	GlobalSection(ExtensibilityGlobals) = postSolution
		SolutionGuid = {9EFC2BDE-4906-4126-BF33-9B7E5BA1FCC3}
	EndGlobalSection
EndGlobal
